
Microsoft Visual Studio Solution File, Format Version 12.00
# Visual Studio Version 17
VisualStudioVersion = 17.9.34728.123
MinimumVisualStudioVersion = 10.0.40219.1
Project("{FAE04EC0-301F-11D3-BF4B-00C04F79EFBC}") = "HttpClientTestProject", "HttpClientTestProject\HttpClientTestProject.csproj", "{BF82FB08-93F8-41A0-A02F-C3D61F2222CA}"
EndProject
Global
	GlobalSection(SolutionConfigurationPlatforms) = preSolution
		Debug|Any CPU = Debug|Any CPU
		Release|Any CPU = Release|Any CPU
	EndGlobalSection
	GlobalSection(ProjectConfigurationPlatforms) = postSolution
		{BF82FB08-93F8-41A0-A02F-C3D61F2222CA}.Debug|Any CPU.ActiveCfg = Debug|Any CPU
		{BF82FB08-93F8-41A0-A02F-C3D61F2222CA}.Debug|Any CPU.Build.0 = Debug|Any CPU
		{BF82FB08-93F8-41A0-A02F-C3D61F2222CA}.Release|Any CPU.ActiveCfg = Release|Any CPU
		{BF82FB08-93F8-41A0-A02F-C3D61F2222CA}.Release|Any CPU.Build.0 = Release|Any CPU
	EndGlobalSection
	GlobalSection(SolutionProperties) = preSolution
		HideSolutionNode = FALSE
	EndGlobalSection
	GlobalSection(ExtensibilityGlobals) = postSolution
		SolutionGuid = {1FA64FF1-4181-4B59-BFF1-2EEE0468EA48}
	EndGlobalSection
EndGlobal
